
Microsoft Visual Studio Solution File, Format Version 12.00
# Visual Studio Version 17
VisualStudioVersion = 17.10.35013.160
MinimumVisualStudioVersion = 10.0.40219.1
Project("{FAE04EC0-301F-11D3-BF4B-00C04F79EFBC}") = "SWA.CRM.D365.Entities.Base", "SWA.CRM.D365.Entities\SWA.CRM.D365.Entities.Base.csproj", "{C900CFF8-6080-42D6-B371-748F8B45A698}"
EndProject
Project("{FAE04EC0-301F-11D3-BF4B-00C04F79EFBC}") = "SWA.CRM.D365.Plugins", "SWA.CRM.D365.Plugins\SWA.CRM.D365.Plugins.csproj", "{DD027768-E9EC-44AC-B4C5-840054B2E1A8}"
EndProject
Project("{FAE04EC0-301F-11D3-BF4B-00C04F79EFBC}") = "SWA.CRM.D365.Workflows", "SWA.CRM.D365.Workflows\SWA.CRM.D365.Workflows.csproj", "{E0F925CE-2116-425B-98B5-BD14E28C1B6A}"
EndProject
Project("{FAE04EC0-301F-11D3-BF4B-00C04F79EFBC}") = "SWA.CRM.D365.Common", "SWA.CRM.D365.Common\SWA.CRM.D365.Common.csproj", "{F718D700-4F4E-44DC-8D3D-E1E7F0E2D35F}"
EndProject
Project("{FAE04EC0-301F-11D3-BF4B-00C04F79EFBC}") = "TestConsoleApp", "TestConsoleApp\TestConsoleApp.csproj", "{F51F3B96-EC1E-4A23-B5E5-0D76AB2F2165}"
EndProject
Global
	GlobalSection(SolutionConfigurationPlatforms) = preSolution
		Debug|Any CPU = Debug|Any CPU
		Release|Any CPU = Release|Any CPU
	EndGlobalSection
	GlobalSection(ProjectConfigurationPlatforms) = postSolution
		{C900CFF8-6080-42D6-B371-748F8B45A698}.Debug|Any CPU.ActiveCfg = Debug|Any CPU
		{C900CFF8-6080-42D6-B371-748F8B45A698}.Debug|Any CPU.Build.0 = Debug|Any CPU
		{C900CFF8-6080-42D6-B371-748F8B45A698}.Release|Any CPU.ActiveCfg = Release|Any CPU
		{C900CFF8-6080-42D6-B371-748F8B45A698}.Release|Any CPU.Build.0 = Release|Any CPU
		{DD027768-E9EC-44AC-B4C5-840054B2E1A8}.Debug|Any CPU.ActiveCfg = Debug|Any CPU
		{DD027768-E9EC-44AC-B4C5-840054B2E1A8}.Debug|Any CPU.Build.0 = Debug|Any CPU
		{DD027768-E9EC-44AC-B4C5-840054B2E1A8}.Release|Any CPU.ActiveCfg = Release|Any CPU
		{DD027768-E9EC-44AC-B4C5-840054B2E1A8}.Release|Any CPU.Build.0 = Release|Any CPU
		{E0F925CE-2116-425B-98B5-BD14E28C1B6A}.Debug|Any CPU.ActiveCfg = Debug|Any CPU
		{E0F925CE-2116-425B-98B5-BD14E28C1B6A}.Debug|Any CPU.Build.0 = Debug|Any CPU
		{E0F925CE-2116-425B-98B5-BD14E28C1B6A}.Release|Any CPU.ActiveCfg = Release|Any CPU
		{E0F925CE-2116-425B-98B5-BD14E28C1B6A}.Release|Any CPU.Build.0 = Release|Any CPU
		{F718D700-4F4E-44DC-8D3D-E1E7F0E2D35F}.Debug|Any CPU.ActiveCfg = Debug|Any CPU
		{F718D700-4F4E-44DC-8D3D-E1E7F0E2D35F}.Debug|Any CPU.Build.0 = Debug|Any CPU
		{F718D700-4F4E-44DC-8D3D-E1E7F0E2D35F}.Release|Any CPU.ActiveCfg = Release|Any CPU
		{F718D700-4F4E-44DC-8D3D-E1E7F0E2D35F}.Release|Any CPU.Build.0 = Release|Any CPU
		{F51F3B96-EC1E-4A23-B5E5-0D76AB2F2165}.Debug|Any CPU.ActiveCfg = Debug|Any CPU
		{F51F3B96-EC1E-4A23-B5E5-0D76AB2F2165}.Debug|Any CPU.Build.0 = Debug|Any CPU
		{F51F3B96-EC1E-4A23-B5E5-0D76AB2F2165}.Release|Any CPU.ActiveCfg = Release|Any CPU
		{F51F3B96-EC1E-4A23-B5E5-0D76AB2F2165}.Release|Any CPU.Build.0 = Release|Any CPU
	EndGlobalSection
	GlobalSection(SolutionProperties) = preSolution
		HideSolutionNode = FALSE
	EndGlobalSection
	GlobalSection(ExtensibilityGlobals) = postSolution
		SolutionGuid = {6CF90693-E24F-44E0-A45B-46DBFAADAD6C}
	EndGlobalSection
EndGlobal
